
Microsoft Visual Studio Solution File, Format Version 12.00
# Visual Studio Version 17
VisualStudioVersion = 17.13.35825.156
MinimumVisualStudioVersion = 10.0.40219.1
Project("{FAE04EC0-301F-11D3-BF4B-00C04F79EFBC}") = "ThermalPrinterLibrary-CSharp", "ThermalPrinterLibrary-CSharp.csproj", "{687758DE-F923-49DF-8DDD-00330C5DEA61}"
EndProject
Global
	GlobalSection(SolutionConfigurationPlatforms) = preSolution
		Debug|Any CPU = Debug|Any CPU
		Release|Any CPU = Release|Any CPU
	EndGlobalSection
	GlobalSection(ProjectConfigurationPlatforms) = postSolution
		{687758DE-F923-49DF-8DDD-00330C5DEA61}.Debug|Any CPU.ActiveCfg = Debug|Any CPU
		{687758DE-F923-49DF-8DDD-00330C5DEA61}.Debug|Any CPU.Build.0 = Debug|Any CPU
		{687758DE-F923-49DF-8DDD-00330C5DEA61}.Release|Any CPU.ActiveCfg = Release|Any CPU
		{687758DE-F923-49DF-8DDD-00330C5DEA61}.Release|Any CPU.Build.0 = Release|Any CPU
	EndGlobalSection
	GlobalSection(SolutionProperties) = preSolution
		HideSolutionNode = FALSE
	EndGlobalSection
	GlobalSection(ExtensibilityGlobals) = postSolution
		SolutionGuid = {64B09C7E-59E4-4378-8E33-10D4274BF9D8}
	EndGlobalSection
EndGlobal
